// !$*UTF8*$!
{
	archiveVersion = 1;
	classes = {
	};
	objectVersion = 55;
	objects = {

/* Begin PBXBuildFile section */
		2E278C17C5B520A725AA48B1 /* Pods_AppleAppStore.framework in Frameworks */ = {isa = PBXBuildFile; fileRef = 43D700261A3E92FB9BF68406 /* Pods_AppleAppStore.framework */; };
		360379282759BCE7002AAAB6 /* AppItem.swift in Sources */ = {isa = PBXBuildFile; fileRef = 360379272759BCE7002AAAB6 /* AppItem.swift */; };
		3603792A2759BD3C002AAAB6 /* AppSmallItem.swift in Sources */ = {isa = PBXBuildFile; fileRef = 360379292759BD3C002AAAB6 /* AppSmallItem.swift */; };
		3603792C2759BD51002AAAB6 /* AppLargeItem.swift in Sources */ = {isa = PBXBuildFile; fileRef = 3603792B2759BD51002AAAB6 /* AppLargeItem.swift */; };
		3603792E2759BD5B002AAAB6 /* AppMediumItem.swift in Sources */ = {isa = PBXBuildFile; fileRef = 3603792D2759BD5B002AAAB6 /* AppMediumItem.swift */; };
		360379302759DFD3002AAAB6 /* AppSmallItemCollectionViewCell.swift in Sources */ = {isa = PBXBuildFile; fileRef = 3603792F2759DFD3002AAAB6 /* AppSmallItemCollectionViewCell.swift */; };
		360379322759F872002AAAB6 /* AppLargeItemCollectionViewCell.swift in Sources */ = {isa = PBXBuildFile; fileRef = 360379312759F872002AAAB6 /* AppLargeItemCollectionViewCell.swift */; };
		36037935275A28FA002AAAB6 /* AppSmallItemCollectionHeaderView.swift in Sources */ = {isa = PBXBuildFile; fileRef = 36037934275A28FA002AAAB6 /* AppSmallItemCollectionHeaderView.swift */; };
		36037939275A4FFC002AAAB6 /* RandomData.swift in Sources */ = {isa = PBXBuildFile; fileRef = 36037938275A4FFC002AAAB6 /* RandomData.swift */; };
		365523DA2769979A0084E4F3 /* SearchResult.swift in Sources */ = {isa = PBXBuildFile; fileRef = 365523D92769979A0084E4F3 /* SearchResult.swift */; };
		365523DC27699DB90084E4F3 /* ItunesAPI.swift in Sources */ = {isa = PBXBuildFile; fileRef = 365523DB27699DB90084E4F3 /* ItunesAPI.swift */; };
		365523DE2769CF620084E4F3 /* DetailAppVCDelegate.swift in Sources */ = {isa = PBXBuildFile; fileRef = 365523DD2769CF620084E4F3 /* DetailAppVCDelegate.swift */; };
		3655DBEB2758932900597095 /* AppViewController.swift in Sources */ = {isa = PBXBuildFile; fileRef = 3655DBEA2758932900597095 /* AppViewController.swift */; };
		3655DBF12758B61C00597095 /* TodaySmallItem.swift in Sources */ = {isa = PBXBuildFile; fileRef = 3655DBF02758B61C00597095 /* TodaySmallItem.swift */; };
		3655DBF32758D31000597095 /* TodaySmallItemCollectionHeaderView.swift in Sources */ = {isa = PBXBuildFile; fileRef = 3655DBF22758D31000597095 /* TodaySmallItemCollectionHeaderView.swift */; };
		3655DBF52758DBB900597095 /* TodaySmallItemBackgroundView.swift in Sources */ = {isa = PBXBuildFile; fileRef = 3655DBF42758DBB900597095 /* TodaySmallItemBackgroundView.swift */; };
		3655DBF727590C4500597095 /* Colors.xcassets in Resources */ = {isa = PBXBuildFile; fileRef = 3655DBF627590C4500597095 /* Colors.xcassets */; };
		3659323C2757845F00E08E8F /* AppDelegate.swift in Sources */ = {isa = PBXBuildFile; fileRef = 3659323B2757845F00E08E8F /* AppDelegate.swift */; };
		3659323E2757845F00E08E8F /* SceneDelegate.swift in Sources */ = {isa = PBXBuildFile; fileRef = 3659323D2757845F00E08E8F /* SceneDelegate.swift */; };
		365932452757846300E08E8F /* Images.xcassets in Resources */ = {isa = PBXBuildFile; fileRef = 365932442757846300E08E8F /* Images.xcassets */; };
		365932482757846300E08E8F /* LaunchScreen.storyboard in Resources */ = {isa = PBXBuildFile; fileRef = 365932462757846300E08E8F /* LaunchScreen.storyboard */; };
		365932502757893400E08E8F /* RootTabBarViewController.swift in Sources */ = {isa = PBXBuildFile; fileRef = 3659324F2757893400E08E8F /* RootTabBarViewController.swift */; };
		3659325227578C5D00E08E8F /* TodayCollectionViewController.swift in Sources */ = {isa = PBXBuildFile; fileRef = 3659325127578C5D00E08E8F /* TodayCollectionViewController.swift */; };
		3659325527578D1600E08E8F /* Localizable.strings in Resources */ = {isa = PBXBuildFile; fileRef = 3659325727578D1600E08E8F /* Localizable.strings */; };
		3659325B27578D3B00E08E8F /* String+Extension.swift in Sources */ = {isa = PBXBuildFile; fileRef = 3659325A27578D3B00E08E8F /* String+Extension.swift */; };
		365932632757941100E08E8F /* TodayAccountCollectionViewCell.swift in Sources */ = {isa = PBXBuildFile; fileRef = 365932622757941100E08E8F /* TodayAccountCollectionViewCell.swift */; };
		3659326A2757968500E08E8F /* DownloadableImageView.swift in Sources */ = {isa = PBXBuildFile; fileRef = 365932692757968500E08E8F /* DownloadableImageView.swift */; };
		3659326D2757982400E08E8F /* ImageCache.swift in Sources */ = {isa = PBXBuildFile; fileRef = 3659326C2757982400E08E8F /* ImageCache.swift */; };
		3659326F275798AE00E08E8F /* APIKey.swift in Sources */ = {isa = PBXBuildFile; fileRef = 3659326E275798AE00E08E8F /* APIKey.swift */; };
		365932712757991200E08E8F /* AccountProfileView.swift in Sources */ = {isa = PBXBuildFile; fileRef = 365932702757991200E08E8F /* AccountProfileView.swift */; };
		3659327327579CD900E08E8F /* TodayItem.swift in Sources */ = {isa = PBXBuildFile; fileRef = 3659327227579CD900E08E8F /* TodayItem.swift */; };
		365932772757AB1F00E08E8F /* TodayLargeItemInfoCollectionViewCell.swift in Sources */ = {isa = PBXBuildFile; fileRef = 365932762757AB1F00E08E8F /* TodayLargeItemInfoCollectionViewCell.swift */; };
		365932792757AB2F00E08E8F /* TodaySmallItemCollectionViewCell.swift in Sources */ = {isa = PBXBuildFile; fileRef = 365932782757AB2F00E08E8F /* TodaySmallItemCollectionViewCell.swift */; };
		3659327C2757ADAE00E08E8F /* TodayLargeItem.swift in Sources */ = {isa = PBXBuildFile; fileRef = 3659327B2757ADAE00E08E8F /* TodayLargeItem.swift */; };
		365A63122764901F00D3D739 /* DetailViewController.swift in Sources */ = {isa = PBXBuildFile; fileRef = 365A63112764901F00D3D739 /* DetailViewController.swift */; };
		365A6315276496A500D3D739 /* DetailItem.swift in Sources */ = {isa = PBXBuildFile; fileRef = 365A6314276496A500D3D739 /* DetailItem.swift */; };
		365A63182764A0EB00D3D739 /* DetailMainCollectionViewCell.swift in Sources */ = {isa = PBXBuildFile; fileRef = 365A63172764A0EB00D3D739 /* DetailMainCollectionViewCell.swift */; };
		365A631A2764B53500D3D739 /* DetailInfoShortItemCollectionViewCell.swift in Sources */ = {isa = PBXBuildFile; fileRef = 365A63192764B53500D3D739 /* DetailInfoShortItemCollectionViewCell.swift */; };
		365A631C2764B7AE00D3D739 /* DetailScreenShotCollectionViewCell.swift in Sources */ = {isa = PBXBuildFile; fileRef = 365A631B2764B7AE00D3D739 /* DetailScreenShotCollectionViewCell.swift */; };
		365A631E2764D97D00D3D739 /* DetailLineHeaderView.swift in Sources */ = {isa = PBXBuildFile; fileRef = 365A631D2764D97D00D3D739 /* DetailLineHeaderView.swift */; };
		365A63202764EF0900D3D739 /* DetailTextInfoCollectionViewCell.swift in Sources */ = {isa = PBXBuildFile; fileRef = 365A631F2764EF0900D3D739 /* DetailTextInfoCollectionViewCell.swift */; };
		366BDB2B2767223A000DB03C /* ExtendableCollectionViewCellDelegate.swift in Sources */ = {isa = PBXBuildFile; fileRef = 366BDB2A2767223A000DB03C /* ExtendableCollectionViewCellDelegate.swift */; };
		366BDB2D27673096000DB03C /* DetailReviewHeaderView.swift in Sources */ = {isa = PBXBuildFile; fileRef = 366BDB2C27673096000DB03C /* DetailReviewHeaderView.swift */; };
		366BDB2F2767337B000DB03C /* DetailLargeTitleWithButtonHeaderView.swift in Sources */ = {isa = PBXBuildFile; fileRef = 366BDB2E2767337B000DB03C /* DetailLargeTitleWithButtonHeaderView.swift */; };
		366BDB32276758E5000DB03C /* DetailReviewCollectionViewCell.swift in Sources */ = {isa = PBXBuildFile; fileRef = 366BDB31276758E5000DB03C /* DetailReviewCollectionViewCell.swift */; };
		366BDB3727676443000DB03C /* SearchViewController.swift in Sources */ = {isa = PBXBuildFile; fileRef = 366BDB3627676443000DB03C /* SearchViewController.swift */; };
		366BDB3927677F35000DB03C /* SearchResultViewController.swift in Sources */ = {isa = PBXBuildFile; fileRef = 366BDB3827677F35000DB03C /* SearchResultViewController.swift */; };
		366BDB3C276782A2000DB03C /* SearchItem.swift in Sources */ = {isa = PBXBuildFile; fileRef = 366BDB3B276782A2000DB03C /* SearchItem.swift */; };
		366BDB3F27678678000DB03C /* SearchResultAppCollectionViewCell.swift in Sources */ = {isa = PBXBuildFile; fileRef = 366BDB3E27678678000DB03C /* SearchResultAppCollectionViewCell.swift */; };
		368E341C277B32C500F69DC1 /* DetailScreenShotsViewController.swift in Sources */ = {isa = PBXBuildFile; fileRef = 368E341B277B32C500F69DC1 /* DetailScreenShotsViewController.swift */; };
		36944F2D2768AA6C00F40C5C /* .swiftlint.yml in Resources */ = {isa = PBXBuildFile; fileRef = 36944F2C2768AA6C00F40C5C /* .swiftlint.yml */; };
/* End PBXBuildFile section */

/* Begin PBXFileReference section */
		360379272759BCE7002AAAB6 /* AppItem.swift */ = {isa = PBXFileReference; lastKnownFileType = sourcecode.swift; path = AppItem.swift; sourceTree = "<group>"; };
		360379292759BD3C002AAAB6 /* AppSmallItem.swift */ = {isa = PBXFileReference; lastKnownFileType = sourcecode.swift; path = AppSmallItem.swift; sourceTree = "<group>"; };
		3603792B2759BD51002AAAB6 /* AppLargeItem.swift */ = {isa = PBXFileReference; lastKnownFileType = sourcecode.swift; path = AppLargeItem.swift; sourceTree = "<group>"; };
		3603792D2759BD5B002AAAB6 /* AppMediumItem.swift */ = {isa = PBXFileReference; lastKnownFileType = sourcecode.swift; path = AppMediumItem.swift; sourceTree = "<group>"; };
		3603792F2759DFD3002AAAB6 /* AppSmallItemCollectionViewCell.swift */ = {isa = PBXFileReference; lastKnownFileType = sourcecode.swift; path = AppSmallItemCollectionViewCell.swift; sourceTree = "<group>"; };
		360379312759F872002AAAB6 /* AppLargeItemCollectionViewCell.swift */ = {isa = PBXFileReference; lastKnownFileType = sourcecode.swift; path = AppLargeItemCollectionViewCell.swift; sourceTree = "<group>"; };
		36037934275A28FA002AAAB6 /* AppSmallItemCollectionHeaderView.swift */ = {isa = PBXFileReference; lastKnownFileType = sourcecode.swift; path = AppSmallItemCollectionHeaderView.swift; sourceTree = "<group>"; };
		36037938275A4FFC002AAAB6 /* RandomData.swift */ = {isa = PBXFileReference; lastKnownFileType = sourcecode.swift; path = RandomData.swift; sourceTree = "<group>"; };
		365523D92769979A0084E4F3 /* SearchResult.swift */ = {isa = PBXFileReference; lastKnownFileType = sourcecode.swift; path = SearchResult.swift; sourceTree = "<group>"; };
		365523DB27699DB90084E4F3 /* ItunesAPI.swift */ = {isa = PBXFileReference; lastKnownFileType = sourcecode.swift; path = ItunesAPI.swift; sourceTree = "<group>"; };
		365523DD2769CF620084E4F3 /* DetailAppVCDelegate.swift */ = {isa = PBXFileReference; lastKnownFileType = sourcecode.swift; path = DetailAppVCDelegate.swift; sourceTree = "<group>"; };
		3655DBEA2758932900597095 /* AppViewController.swift */ = {isa = PBXFileReference; lastKnownFileType = sourcecode.swift; path = AppViewController.swift; sourceTree = "<group>"; };
		3655DBF02758B61C00597095 /* TodaySmallItem.swift */ = {isa = PBXFileReference; lastKnownFileType = sourcecode.swift; path = TodaySmallItem.swift; sourceTree = "<group>"; };
		3655DBF22758D31000597095 /* TodaySmallItemCollectionHeaderView.swift */ = {isa = PBXFileReference; lastKnownFileType = sourcecode.swift; path = TodaySmallItemCollectionHeaderView.swift; sourceTree = "<group>"; };
		3655DBF42758DBB900597095 /* TodaySmallItemBackgroundView.swift */ = {isa = PBXFileReference; lastKnownFileType = sourcecode.swift; path = TodaySmallItemBackgroundView.swift; sourceTree = "<group>"; };
		3655DBF627590C4500597095 /* Colors.xcassets */ = {isa = PBXFileReference; lastKnownFileType = folder.assetcatalog; path = Colors.xcassets; sourceTree = "<group>"; };
		365932382757845F00E08E8F /* AppleAppStore.app */ = {isa = PBXFileReference; explicitFileType = wrapper.application; includeInIndex = 0; path = AppleAppStore.app; sourceTree = BUILT_PRODUCTS_DIR; };
		3659323B2757845F00E08E8F /* AppDelegate.swift */ = {isa = PBXFileReference; lastKnownFileType = sourcecode.swift; path = AppDelegate.swift; sourceTree = "<group>"; };
		3659323D2757845F00E08E8F /* SceneDelegate.swift */ = {isa = PBXFileReference; lastKnownFileType = sourcecode.swift; path = SceneDelegate.swift; sourceTree = "<group>"; };
		365932442757846300E08E8F /* Images.xcassets */ = {isa = PBXFileReference; lastKnownFileType = folder.assetcatalog; path = Images.xcassets; sourceTree = "<group>"; };
		365932472757846300E08E8F /* Base */ = {isa = PBXFileReference; lastKnownFileType = file.storyboard; name = Base; path = Base.lproj/LaunchScreen.storyboard; sourceTree = "<group>"; };
		365932492757846300E08E8F /* Info.plist */ = {isa = PBXFileReference; lastKnownFileType = text.plist.xml; path = Info.plist; sourceTree = "<group>"; };
		3659324F2757893400E08E8F /* RootTabBarViewController.swift */ = {isa = PBXFileReference; lastKnownFileType = sourcecode.swift; path = RootTabBarViewController.swift; sourceTree = "<group>"; };
		3659325127578C5D00E08E8F /* TodayCollectionViewController.swift */ = {isa = PBXFileReference; lastKnownFileType = sourcecode.swift; path = TodayCollectionViewController.swift; sourceTree = "<group>"; };
		3659325627578D1600E08E8F /* en */ = {isa = PBXFileReference; lastKnownFileType = text.plist.strings; name = en; path = en.lproj/Localizable.strings; sourceTree = "<group>"; };
		3659325827578D2D00E08E8F /* ko */ = {isa = PBXFileReference; lastKnownFileType = text.plist.strings; name = ko; path = ko.lproj/LaunchScreen.strings; sourceTree = "<group>"; };
		3659325927578D2D00E08E8F /* ko */ = {isa = PBXFileReference; lastKnownFileType = text.plist.strings; name = ko; path = ko.lproj/Localizable.strings; sourceTree = "<group>"; };
		3659325A27578D3B00E08E8F /* String+Extension.swift */ = {isa = PBXFileReference; lastKnownFileType = sourcecode.swift; path = "String+Extension.swift"; sourceTree = "<group>"; };
		365932622757941100E08E8F /* TodayAccountCollectionViewCell.swift */ = {isa = PBXFileReference; lastKnownFileType = sourcecode.swift; path = TodayAccountCollectionViewCell.swift; sourceTree = "<group>"; };
		365932692757968500E08E8F /* DownloadableImageView.swift */ = {isa = PBXFileReference; lastKnownFileType = sourcecode.swift; path = DownloadableImageView.swift; sourceTree = "<group>"; };
		3659326C2757982400E08E8F /* ImageCache.swift */ = {isa = PBXFileReference; lastKnownFileType = sourcecode.swift; path = ImageCache.swift; sourceTree = "<group>"; };
		3659326E275798AE00E08E8F /* APIKey.swift */ = {isa = PBXFileReference; lastKnownFileType = sourcecode.swift; path = APIKey.swift; sourceTree = "<group>"; };
		365932702757991200E08E8F /* AccountProfileView.swift */ = {isa = PBXFileReference; lastKnownFileType = sourcecode.swift; path = AccountProfileView.swift; sourceTree = "<group>"; };
		3659327227579CD900E08E8F /* TodayItem.swift */ = {isa = PBXFileReference; lastKnownFileType = sourcecode.swift; path = TodayItem.swift; sourceTree = "<group>"; };
		365932762757AB1F00E08E8F /* TodayLargeItemInfoCollectionViewCell.swift */ = {isa = PBXFileReference; lastKnownFileType = sourcecode.swift; path = TodayLargeItemInfoCollectionViewCell.swift; sourceTree = "<group>"; };
		365932782757AB2F00E08E8F /* TodaySmallItemCollectionViewCell.swift */ = {isa = PBXFileReference; lastKnownFileType = sourcecode.swift; path = TodaySmallItemCollectionViewCell.swift; sourceTree = "<group>"; };
		3659327B2757ADAE00E08E8F /* TodayLargeItem.swift */ = {isa = PBXFileReference; lastKnownFileType = sourcecode.swift; path = TodayLargeItem.swift; sourceTree = "<group>"; };
		365A63112764901F00D3D739 /* DetailViewController.swift */ = {isa = PBXFileReference; lastKnownFileType = sourcecode.swift; path = DetailViewController.swift; sourceTree = "<group>"; };
		365A6314276496A500D3D739 /* DetailItem.swift */ = {isa = PBXFileReference; lastKnownFileType = sourcecode.swift; path = DetailItem.swift; sourceTree = "<group>"; };
		365A63172764A0EB00D3D739 /* DetailMainCollectionViewCell.swift */ = {isa = PBXFileReference; lastKnownFileType = sourcecode.swift; path = DetailMainCollectionViewCell.swift; sourceTree = "<group>"; };
		365A63192764B53500D3D739 /* DetailInfoShortItemCollectionViewCell.swift */ = {isa = PBXFileReference; lastKnownFileType = sourcecode.swift; path = DetailInfoShortItemCollectionViewCell.swift; sourceTree = "<group>"; };
		365A631B2764B7AE00D3D739 /* DetailScreenShotCollectionViewCell.swift */ = {isa = PBXFileReference; lastKnownFileType = sourcecode.swift; path = DetailScreenShotCollectionViewCell.swift; sourceTree = "<group>"; };
		365A631D2764D97D00D3D739 /* DetailLineHeaderView.swift */ = {isa = PBXFileReference; lastKnownFileType = sourcecode.swift; path = DetailLineHeaderView.swift; sourceTree = "<group>"; };
		365A631F2764EF0900D3D739 /* DetailTextInfoCollectionViewCell.swift */ = {isa = PBXFileReference; lastKnownFileType = sourcecode.swift; path = DetailTextInfoCollectionViewCell.swift; sourceTree = "<group>"; };
		366BDB2A2767223A000DB03C /* ExtendableCollectionViewCellDelegate.swift */ = {isa = PBXFileReference; lastKnownFileType = sourcecode.swift; path = ExtendableCollectionViewCellDelegate.swift; sourceTree = "<group>"; };
		366BDB2C27673096000DB03C /* DetailReviewHeaderView.swift */ = {isa = PBXFileReference; lastKnownFileType = sourcecode.swift; path = DetailReviewHeaderView.swift; sourceTree = "<group>"; };
		366BDB2E2767337B000DB03C /* DetailLargeTitleWithButtonHeaderView.swift */ = {isa = PBXFileReference; lastKnownFileType = sourcecode.swift; path = DetailLargeTitleWithButtonHeaderView.swift; sourceTree = "<group>"; };
		366BDB31276758E5000DB03C /* DetailReviewCollectionViewCell.swift */ = {isa = PBXFileReference; lastKnownFileType = sourcecode.swift; path = DetailReviewCollectionViewCell.swift; sourceTree = "<group>"; };
		366BDB3627676443000DB03C /* SearchViewController.swift */ = {isa = PBXFileReference; lastKnownFileType = sourcecode.swift; path = SearchViewController.swift; sourceTree = "<group>"; };
		366BDB3827677F35000DB03C /* SearchResultViewController.swift */ = {isa = PBXFileReference; lastKnownFileType = sourcecode.swift; path = SearchResultViewController.swift; sourceTree = "<group>"; };
		366BDB3B276782A2000DB03C /* SearchItem.swift */ = {isa = PBXFileReference; lastKnownFileType = sourcecode.swift; path = SearchItem.swift; sourceTree = "<group>"; };
		366BDB3E27678678000DB03C /* SearchResultAppCollectionViewCell.swift */ = {isa = PBXFileReference; lastKnownFileType = sourcecode.swift; path = SearchResultAppCollectionViewCell.swift; sourceTree = "<group>"; };
		368E341B277B32C500F69DC1 /* DetailScreenShotsViewController.swift */ = {isa = PBXFileReference; lastKnownFileType = sourcecode.swift; path = DetailScreenShotsViewController.swift; sourceTree = "<group>"; };
		36944F2C2768AA6C00F40C5C /* .swiftlint.yml */ = {isa = PBXFileReference; lastKnownFileType = text.yaml; path = .swiftlint.yml; sourceTree = "<group>"; };
		43D700261A3E92FB9BF68406 /* Pods_AppleAppStore.framework */ = {isa = PBXFileReference; explicitFileType = wrapper.framework; includeInIndex = 0; path = Pods_AppleAppStore.framework; sourceTree = BUILT_PRODUCTS_DIR; };
		D4847ABC8AE2C45D887AB69A /* Pods-AppleAppStore.release.xcconfig */ = {isa = PBXFileReference; includeInIndex = 1; lastKnownFileType = text.xcconfig; name = "Pods-AppleAppStore.release.xcconfig"; path = "Target Support Files/Pods-AppleAppStore/Pods-AppleAppStore.release.xcconfig"; sourceTree = "<group>"; };
		EC3E9810ABE4E785BE4CD475 /* Pods-AppleAppStore.debug.xcconfig */ = {isa = PBXFileReference; includeInIndex = 1; lastKnownFileType = text.xcconfig; name = "Pods-AppleAppStore.debug.xcconfig"; path = "Target Support Files/Pods-AppleAppStore/Pods-AppleAppStore.debug.xcconfig"; sourceTree = "<group>"; };
/* End PBXFileReference section */

/* Begin PBXFrameworksBuildPhase section */
		365932352757845F00E08E8F /* Frameworks */ = {
			isa = PBXFrameworksBuildPhase;
			buildActionMask = 2147483647;
			files = (
				2E278C17C5B520A725AA48B1 /* Pods_AppleAppStore.framework in Frameworks */,
			);
			runOnlyForDeploymentPostprocessing = 0;
		};
/* End PBXFrameworksBuildPhase section */

/* Begin PBXGroup section */
		04405433734DA433FFADDBDB /* Frameworks */ = {
			isa = PBXGroup;
			children = (
				43D700261A3E92FB9BF68406 /* Pods_AppleAppStore.framework */,
			);
			name = Frameworks;
			sourceTree = "<group>";
		};
		360379252759B761002AAAB6 /* App */ = {
			isa = PBXGroup;
			children = (
				360379312759F872002AAAB6 /* AppLargeItemCollectionViewCell.swift */,
				3603792F2759DFD3002AAAB6 /* AppSmallItemCollectionViewCell.swift */,
				36037934275A28FA002AAAB6 /* AppSmallItemCollectionHeaderView.swift */,
			);
			path = App;
			sourceTree = "<group>";
		};
		360379262759BCBB002AAAB6 /* App */ = {
			isa = PBXGroup;
			children = (
				360379272759BCE7002AAAB6 /* AppItem.swift */,
				3603792B2759BD51002AAAB6 /* AppLargeItem.swift */,
				3603792D2759BD5B002AAAB6 /* AppMediumItem.swift */,
				360379292759BD3C002AAAB6 /* AppSmallItem.swift */,
			);
			path = App;
			sourceTree = "<group>";
		};
		360379332759F87A002AAAB6 /* Common */ = {
			isa = PBXGroup;
			children = (
			);
			path = Common;
			sourceTree = "<group>";
		};
		365523D8276991720084E4F3 /* API */ = {
			isa = PBXGroup;
			children = (
				365523DB27699DB90084E4F3 /* ItunesAPI.swift */,
			);
			path = API;
			sourceTree = "<group>";
		};
		3655DBE9275892FA00597095 /* App */ = {
			isa = PBXGroup;
			children = (
				3655DBEA2758932900597095 /* AppViewController.swift */,
			);
			path = App;
			sourceTree = "<group>";
		};
		3659322F2757845F00E08E8F = {
			isa = PBXGroup;
			children = (
				36944F2C2768AA6C00F40C5C /* .swiftlint.yml */,
				3659323A2757845F00E08E8F /* AppleAppStore */,
				365932392757845F00E08E8F /* Products */,
				C2872283C24F4F492FAAA425 /* Pods */,
				04405433734DA433FFADDBDB /* Frameworks */,
			);
			sourceTree = "<group>";
		};
		365932392757845F00E08E8F /* Products */ = {
			isa = PBXGroup;
			children = (
				365932382757845F00E08E8F /* AppleAppStore.app */,
			);
			name = Products;
			sourceTree = "<group>";
		};
		3659323A2757845F00E08E8F /* AppleAppStore */ = {
			isa = PBXGroup;
			children = (
				365523D8276991720084E4F3 /* API */,
				3659326B2757980900E08E8F /* Util */,
				3659325D27578D7000E08E8F /* Delegate */,
				3659325C27578D5C00E08E8F /* Extension */,
				365932642757943900E08E8F /* Model */,
				365932602757934000E08E8F /* Cell */,
				3659325E27578D7D00E08E8F /* ViewController */,
				365932682757963800E08E8F /* CustomView */,
				3659325727578D1600E08E8F /* Localizable.strings */,
				365932442757846300E08E8F /* Images.xcassets */,
				3655DBF627590C4500597095 /* Colors.xcassets */,
				365932462757846300E08E8F /* LaunchScreen.storyboard */,
				365932492757846300E08E8F /* Info.plist */,
			);
			path = AppleAppStore;
			sourceTree = "<group>";
		};
		3659325C27578D5C00E08E8F /* Extension */ = {
			isa = PBXGroup;
			children = (
				3659325A27578D3B00E08E8F /* String+Extension.swift */,
			);
			path = Extension;
			sourceTree = "<group>";
		};
		3659325D27578D7000E08E8F /* Delegate */ = {
			isa = PBXGroup;
			children = (
				3659323B2757845F00E08E8F /* AppDelegate.swift */,
				365523DD2769CF620084E4F3 /* DetailAppVCDelegate.swift */,
				3659323D2757845F00E08E8F /* SceneDelegate.swift */,
				366BDB2A2767223A000DB03C /* ExtendableCollectionViewCellDelegate.swift */,
			);
			path = Delegate;
			sourceTree = "<group>";
		};
		3659325E27578D7D00E08E8F /* ViewController */ = {
			isa = PBXGroup;
			children = (
				3659324F2757893400E08E8F /* RootTabBarViewController.swift */,
				3659325F27578F8700E08E8F /* Today */,
				3655DBE9275892FA00597095 /* App */,
				365A631027648F7800D3D739 /* Detail */,
				366BDB33276763B4000DB03C /* Search */,
			);
			path = ViewController;
			sourceTree = "<group>";
		};
		3659325F27578F8700E08E8F /* Today */ = {
			isa = PBXGroup;
			children = (
				3659325127578C5D00E08E8F /* TodayCollectionViewController.swift */,
			);
			path = Today;
			sourceTree = "<group>";
		};
		365932602757934000E08E8F /* Cell */ = {
			isa = PBXGroup;
			children = (
				360379332759F87A002AAAB6 /* Common */,
				365932612757935200E08E8F /* Today */,
				360379252759B761002AAAB6 /* App */,
				365A631627649EED00D3D739 /* Detail */,
				366BDB3D27678575000DB03C /* Search */,
			);
			path = Cell;
			sourceTree = "<group>";
		};
		365932612757935200E08E8F /* Today */ = {
			isa = PBXGroup;
			children = (
				365932622757941100E08E8F /* TodayAccountCollectionViewCell.swift */,
				365932762757AB1F00E08E8F /* TodayLargeItemInfoCollectionViewCell.swift */,
				365932782757AB2F00E08E8F /* TodaySmallItemCollectionViewCell.swift */,
				3655DBF22758D31000597095 /* TodaySmallItemCollectionHeaderView.swift */,
				3655DBF42758DBB900597095 /* TodaySmallItemBackgroundView.swift */,
			);
			path = Today;
			sourceTree = "<group>";
		};
		365932642757943900E08E8F /* Model */ = {
			isa = PBXGroup;
			children = (
				3659327A2757ABD300E08E8F /* Today */,
				360379262759BCBB002AAAB6 /* App */,
				365A63132764966D00D3D739 /* Detail */,
				366BDB3A27678264000DB03C /* Search */,
			);
			path = Model;
			sourceTree = "<group>";
		};
		365932682757963800E08E8F /* CustomView */ = {
			isa = PBXGroup;
			children = (
				365932692757968500E08E8F /* DownloadableImageView.swift */,
				365932702757991200E08E8F /* AccountProfileView.swift */,
			);
			path = CustomView;
			sourceTree = "<group>";
		};
		3659326B2757980900E08E8F /* Util */ = {
			isa = PBXGroup;
			children = (
				3659326C2757982400E08E8F /* ImageCache.swift */,
				3659326E275798AE00E08E8F /* APIKey.swift */,
				36037938275A4FFC002AAAB6 /* RandomData.swift */,
			);
			path = Util;
			sourceTree = "<group>";
		};
		3659327A2757ABD300E08E8F /* Today */ = {
			isa = PBXGroup;
			children = (
				3659327227579CD900E08E8F /* TodayItem.swift */,
				3659327B2757ADAE00E08E8F /* TodayLargeItem.swift */,
				3655DBF02758B61C00597095 /* TodaySmallItem.swift */,
			);
			path = Today;
			sourceTree = "<group>";
		};
		365A631027648F7800D3D739 /* Detail */ = {
			isa = PBXGroup;
			children = (
				365A63112764901F00D3D739 /* DetailViewController.swift */,
				368E341B277B32C500F69DC1 /* DetailScreenShotsViewController.swift */,
			);
			path = Detail;
			sourceTree = "<group>";
		};
		365A63132764966D00D3D739 /* Detail */ = {
			isa = PBXGroup;
			children = (
				365A6314276496A500D3D739 /* DetailItem.swift */,
			);
			path = Detail;
			sourceTree = "<group>";
		};
		365A631627649EED00D3D739 /* Detail */ = {
			isa = PBXGroup;
			children = (
				365A63172764A0EB00D3D739 /* DetailMainCollectionViewCell.swift */,
				365A63192764B53500D3D739 /* DetailInfoShortItemCollectionViewCell.swift */,
				365A631B2764B7AE00D3D739 /* DetailScreenShotCollectionViewCell.swift */,
				365A631F2764EF0900D3D739 /* DetailTextInfoCollectionViewCell.swift */,
				366BDB31276758E5000DB03C /* DetailReviewCollectionViewCell.swift */,
				366BDB30276738E4000DB03C /* Header */,
			);
			path = Detail;
			sourceTree = "<group>";
		};
		366BDB30276738E4000DB03C /* Header */ = {
			isa = PBXGroup;
			children = (
				365A631D2764D97D00D3D739 /* DetailLineHeaderView.swift */,
				366BDB2E2767337B000DB03C /* DetailLargeTitleWithButtonHeaderView.swift */,
				366BDB2C27673096000DB03C /* DetailReviewHeaderView.swift */,
			);
			path = Header;
			sourceTree = "<group>";
		};
		366BDB33276763B4000DB03C /* Search */ = {
			isa = PBXGroup;
			children = (
				366BDB3627676443000DB03C /* SearchViewController.swift */,
				366BDB3827677F35000DB03C /* SearchResultViewController.swift */,
			);
			path = Search;
			sourceTree = "<group>";
		};
		366BDB3A27678264000DB03C /* Search */ = {
			isa = PBXGroup;
			children = (
				366BDB3B276782A2000DB03C /* SearchItem.swift */,
				365523D92769979A0084E4F3 /* SearchResult.swift */,
			);
			path = Search;
			sourceTree = "<group>";
		};
		366BDB3D27678575000DB03C /* Search */ = {
			isa = PBXGroup;
			children = (
				366BDB3E27678678000DB03C /* SearchResultAppCollectionViewCell.swift */,
			);
			path = Search;
			sourceTree = "<group>";
		};
		C2872283C24F4F492FAAA425 /* Pods */ = {
			isa = PBXGroup;
			children = (
				EC3E9810ABE4E785BE4CD475 /* Pods-AppleAppStore.debug.xcconfig */,
				D4847ABC8AE2C45D887AB69A /* Pods-AppleAppStore.release.xcconfig */,
			);
			path = Pods;
			sourceTree = "<group>";
		};
/* End PBXGroup section */

/* Begin PBXNativeTarget section */
		365932372757845F00E08E8F /* AppleAppStore */ = {
			isa = PBXNativeTarget;
			buildConfigurationList = 3659324C2757846300E08E8F /* Build configuration list for PBXNativeTarget "AppleAppStore" */;
			buildPhases = (
				BEF90703F8C3E48ECD3592F0 /* [CP] Check Pods Manifest.lock */,
				365932342757845F00E08E8F /* Sources */,
				365932352757845F00E08E8F /* Frameworks */,
				365932362757845F00E08E8F /* Resources */,
				DD1F5CDC1AFC002655A8B25A /* [CP] Embed Pods Frameworks */,
				36944F2B2768AA4600F40C5C /* ShellScript */,
			);
			buildRules = (
			);
			dependencies = (
			);
			name = AppleAppStore;
			productName = AppleAppStore;
			productReference = 365932382757845F00E08E8F /* AppleAppStore.app */;
			productType = "com.apple.product-type.application";
		};
/* End PBXNativeTarget section */

/* Begin PBXProject section */
		365932302757845F00E08E8F /* Project object */ = {
			isa = PBXProject;
			attributes = {
				BuildIndependentTargetsInParallel = 1;
				LastSwiftUpdateCheck = 1310;
				LastUpgradeCheck = 1310;
				TargetAttributes = {
					365932372757845F00E08E8F = {
						CreatedOnToolsVersion = 13.1;
					};
				};
			};
			buildConfigurationList = 365932332757845F00E08E8F /* Build configuration list for PBXProject "AppleAppStore" */;
			compatibilityVersion = "Xcode 13.0";
			developmentRegion = en;
			hasScannedForEncodings = 0;
			knownRegions = (
				en,
				Base,
				ko,
			);
			mainGroup = 3659322F2757845F00E08E8F;
			productRefGroup = 365932392757845F00E08E8F /* Products */;
			projectDirPath = "";
			projectRoot = "";
			targets = (
				365932372757845F00E08E8F /* AppleAppStore */,
			);
		};
/* End PBXProject section */

/* Begin PBXResourcesBuildPhase section */
		365932362757845F00E08E8F /* Resources */ = {
			isa = PBXResourcesBuildPhase;
			buildActionMask = 2147483647;
			files = (
				36944F2D2768AA6C00F40C5C /* .swiftlint.yml in Resources */,
				365932482757846300E08E8F /* LaunchScreen.storyboard in Resources */,
				3655DBF727590C4500597095 /* Colors.xcassets in Resources */,
				3659325527578D1600E08E8F /* Localizable.strings in Resources */,
				365932452757846300E08E8F /* Images.xcassets in Resources */,
			);
			runOnlyForDeploymentPostprocessing = 0;
		};
/* End PBXResourcesBuildPhase section */

/* Begin PBXShellScriptBuildPhase section */
		36944F2B2768AA4600F40C5C /* ShellScript */ = {
			isa = PBXShellScriptBuildPhase;
			buildActionMask = 2147483647;
			files = (
			);
			inputFileListPaths = (
			);
			inputPaths = (
			);
			outputFileListPaths = (
			);
			outputPaths = (
			);
			runOnlyForDeploymentPostprocessing = 0;
			shellPath = /bin/sh;
			shellScript = "\"${PODS_ROOT}/SwiftLint/swiftlint\"\n";
		};
		BEF90703F8C3E48ECD3592F0 /* [CP] Check Pods Manifest.lock */ = {
			isa = PBXShellScriptBuildPhase;
			buildActionMask = 2147483647;
			files = (
			);
			inputFileListPaths = (
			);
			inputPaths = (
				"${PODS_PODFILE_DIR_PATH}/Podfile.lock",
				"${PODS_ROOT}/Manifest.lock",
			);
			name = "[CP] Check Pods Manifest.lock";
			outputFileListPaths = (
			);
			outputPaths = (
				"$(DERIVED_FILE_DIR)/Pods-AppleAppStore-checkManifestLockResult.txt",
			);
			runOnlyForDeploymentPostprocessing = 0;
			shellPath = /bin/sh;
			shellScript = "diff \"${PODS_PODFILE_DIR_PATH}/Podfile.lock\" \"${PODS_ROOT}/Manifest.lock\" > /dev/null\nif [ $? != 0 ] ; then\n    # print error to STDERR\n    echo \"error: The sandbox is not in sync with the Podfile.lock. Run 'pod install' or update your CocoaPods installation.\" >&2\n    exit 1\nfi\n# This output is used by Xcode 'outputs' to avoid re-running this script phase.\necho \"SUCCESS\" > \"${SCRIPT_OUTPUT_FILE_0}\"\n";
			showEnvVarsInLog = 0;
		};
		DD1F5CDC1AFC002655A8B25A /* [CP] Embed Pods Frameworks */ = {
			isa = PBXShellScriptBuildPhase;
			buildActionMask = 2147483647;
			files = (
			);
			inputFileListPaths = (
				"${PODS_ROOT}/Target Support Files/Pods-AppleAppStore/Pods-AppleAppStore-frameworks-${CONFIGURATION}-input-files.xcfilelist",
			);
			name = "[CP] Embed Pods Frameworks";
			outputFileListPaths = (
				"${PODS_ROOT}/Target Support Files/Pods-AppleAppStore/Pods-AppleAppStore-frameworks-${CONFIGURATION}-output-files.xcfilelist",
			);
			runOnlyForDeploymentPostprocessing = 0;
			shellPath = /bin/sh;
			shellScript = "\"${PODS_ROOT}/Target Support Files/Pods-AppleAppStore/Pods-AppleAppStore-frameworks.sh\"\n";
			showEnvVarsInLog = 0;
		};
/* End PBXShellScriptBuildPhase section */

/* Begin PBXSourcesBuildPhase section */
		365932342757845F00E08E8F /* Sources */ = {
			isa = PBXSourcesBuildPhase;
			buildActionMask = 2147483647;
			files = (
				3603792C2759BD51002AAAB6 /* AppLargeItem.swift in Sources */,
				3603792E2759BD5B002AAAB6 /* AppMediumItem.swift in Sources */,
				368E341C277B32C500F69DC1 /* DetailScreenShotsViewController.swift in Sources */,
				365A63202764EF0900D3D739 /* DetailTextInfoCollectionViewCell.swift in Sources */,
				3655DBF52758DBB900597095 /* TodaySmallItemBackgroundView.swift in Sources */,
				365A63122764901F00D3D739 /* DetailViewController.swift in Sources */,
				3659326A2757968500E08E8F /* DownloadableImageView.swift in Sources */,
				365932772757AB1F00E08E8F /* TodayLargeItemInfoCollectionViewCell.swift in Sources */,
				366BDB2D27673096000DB03C /* DetailReviewHeaderView.swift in Sources */,
				365932502757893400E08E8F /* RootTabBarViewController.swift in Sources */,
				3659327C2757ADAE00E08E8F /* TodayLargeItem.swift in Sources */,
				366BDB3C276782A2000DB03C /* SearchItem.swift in Sources */,
				3659326D2757982400E08E8F /* ImageCache.swift in Sources */,
				366BDB2B2767223A000DB03C /* ExtendableCollectionViewCellDelegate.swift in Sources */,
				360379282759BCE7002AAAB6 /* AppItem.swift in Sources */,
				365A631A2764B53500D3D739 /* DetailInfoShortItemCollectionViewCell.swift in Sources */,
				3655DBF32758D31000597095 /* TodaySmallItemCollectionHeaderView.swift in Sources */,
				3655DBEB2758932900597095 /* AppViewController.swift in Sources */,
				366BDB3F27678678000DB03C /* SearchResultAppCollectionViewCell.swift in Sources */,
				3659326F275798AE00E08E8F /* APIKey.swift in Sources */,
				365932712757991200E08E8F /* AccountProfileView.swift in Sources */,
				365523DE2769CF620084E4F3 /* DetailAppVCDelegate.swift in Sources */,
				365932632757941100E08E8F /* TodayAccountCollectionViewCell.swift in Sources */,
				366BDB3927677F35000DB03C /* SearchResultViewController.swift in Sources */,
				365523DA2769979A0084E4F3 /* SearchResult.swift in Sources */,
				365932792757AB2F00E08E8F /* TodaySmallItemCollectionViewCell.swift in Sources */,
				366BDB32276758E5000DB03C /* DetailReviewCollectionViewCell.swift in Sources */,
				3659325227578C5D00E08E8F /* TodayCollectionViewController.swift in Sources */,
				3603792A2759BD3C002AAAB6 /* AppSmallItem.swift in Sources */,
				365A63182764A0EB00D3D739 /* DetailMainCollectionViewCell.swift in Sources */,
				3659323C2757845F00E08E8F /* AppDelegate.swift in Sources */,
				365A631C2764B7AE00D3D739 /* DetailScreenShotCollectionViewCell.swift in Sources */,
				366BDB3727676443000DB03C /* SearchViewController.swift in Sources */,
				360379302759DFD3002AAAB6 /* AppSmallItemCollectionViewCell.swift in Sources */,
				365523DC27699DB90084E4F3 /* ItunesAPI.swift in Sources */,
				36037935275A28FA002AAAB6 /* AppSmallItemCollectionHeaderView.swift in Sources */,
				36037939275A4FFC002AAAB6 /* RandomData.swift in Sources */,
				3659327327579CD900E08E8F /* TodayItem.swift in Sources */,
				3659325B27578D3B00E08E8F /* String+Extension.swift in Sources */,
				365A6315276496A500D3D739 /* DetailItem.swift in Sources */,
				360379322759F872002AAAB6 /* AppLargeItemCollectionViewCell.swift in Sources */,
				366BDB2F2767337B000DB03C /* DetailLargeTitleWithButtonHeaderView.swift in Sources */,
				3659323E2757845F00E08E8F /* SceneDelegate.swift in Sources */,
				365A631E2764D97D00D3D739 /* DetailLineHeaderView.swift in Sources */,
				3655DBF12758B61C00597095 /* TodaySmallItem.swift in Sources */,
			);
			runOnlyForDeploymentPostprocessing = 0;
		};
/* End PBXSourcesBuildPhase section */

/* Begin PBXVariantGroup section */
		365932462757846300E08E8F /* LaunchScreen.storyboard */ = {
			isa = PBXVariantGroup;
			children = (
				365932472757846300E08E8F /* Base */,
				3659325827578D2D00E08E8F /* ko */,
			);
			name = LaunchScreen.storyboard;
			sourceTree = "<group>";
		};
		3659325727578D1600E08E8F /* Localizable.strings */ = {
			isa = PBXVariantGroup;
			children = (
				3659325627578D1600E08E8F /* en */,
				3659325927578D2D00E08E8F /* ko */,
			);
			name = Localizable.strings;
			sourceTree = "<group>";
		};
/* End PBXVariantGroup section */

/* Begin XCBuildConfiguration section */
		3659324A2757846300E08E8F /* Debug */ = {
			isa = XCBuildConfiguration;
			buildSettings = {
				ALWAYS_SEARCH_USER_PATHS = NO;
				CLANG_ANALYZER_LOCALIZABILITY_NONLOCALIZED = YES;
				CLANG_ANALYZER_NONNULL = YES;
				CLANG_ANALYZER_NUMBER_OBJECT_CONVERSION = YES_AGGRESSIVE;
				CLANG_CXX_LANGUAGE_STANDARD = "gnu++17";
				CLANG_CXX_LIBRARY = "libc++";
				CLANG_ENABLE_MODULES = YES;
				CLANG_ENABLE_OBJC_ARC = YES;
				CLANG_ENABLE_OBJC_WEAK = YES;
				CLANG_WARN_BLOCK_CAPTURE_AUTORELEASING = YES;
				CLANG_WARN_BOOL_CONVERSION = YES;
				CLANG_WARN_COMMA = YES;
				CLANG_WARN_CONSTANT_CONVERSION = YES;
				CLANG_WARN_DEPRECATED_OBJC_IMPLEMENTATIONS = YES;
				CLANG_WARN_DIRECT_OBJC_ISA_USAGE = YES_ERROR;
				CLANG_WARN_DOCUMENTATION_COMMENTS = YES;
				CLANG_WARN_EMPTY_BODY = YES;
				CLANG_WARN_ENUM_CONVERSION = YES;
				CLANG_WARN_INFINITE_RECURSION = YES;
				CLANG_WARN_INT_CONVERSION = YES;
				CLANG_WARN_NON_LITERAL_NULL_CONVERSION = YES;
				CLANG_WARN_OBJC_IMPLICIT_RETAIN_SELF = YES;
				CLANG_WARN_OBJC_LITERAL_CONVERSION = YES;
				CLANG_WARN_OBJC_ROOT_CLASS = YES_ERROR;
				CLANG_WARN_QUOTED_INCLUDE_IN_FRAMEWORK_HEADER = YES;
				CLANG_WARN_RANGE_LOOP_ANALYSIS = YES;
				CLANG_WARN_STRICT_PROTOTYPES = YES;
				CLANG_WARN_SUSPICIOUS_MOVE = YES;
				CLANG_WARN_UNGUARDED_AVAILABILITY = YES_AGGRESSIVE;
				CLANG_WARN_UNREACHABLE_CODE = YES;
				CLANG_WARN__DUPLICATE_METHOD_MATCH = YES;
				COPY_PHASE_STRIP = NO;
				DEBUG_INFORMATION_FORMAT = dwarf;
				ENABLE_STRICT_OBJC_MSGSEND = YES;
				ENABLE_TESTABILITY = YES;
				GCC_C_LANGUAGE_STANDARD = gnu11;
				GCC_DYNAMIC_NO_PIC = NO;
				GCC_NO_COMMON_BLOCKS = YES;
				GCC_OPTIMIZATION_LEVEL = 0;
				GCC_PREPROCESSOR_DEFINITIONS = (
					"DEBUG=1",
					"$(inherited)",
				);
				GCC_WARN_64_TO_32_BIT_CONVERSION = YES;
				GCC_WARN_ABOUT_RETURN_TYPE = YES_ERROR;
				GCC_WARN_UNDECLARED_SELECTOR = YES;
				GCC_WARN_UNINITIALIZED_AUTOS = YES_AGGRESSIVE;
				GCC_WARN_UNUSED_FUNCTION = YES;
				GCC_WARN_UNUSED_VARIABLE = YES;
				IPHONEOS_DEPLOYMENT_TARGET = 15.0;
				MTL_ENABLE_DEBUG_INFO = INCLUDE_SOURCE;
				MTL_FAST_MATH = YES;
				ONLY_ACTIVE_ARCH = YES;
				SDKROOT = iphoneos;
				SWIFT_ACTIVE_COMPILATION_CONDITIONS = DEBUG;
				SWIFT_OPTIMIZATION_LEVEL = "-Onone";
			};
			name = Debug;
		};
		3659324B2757846300E08E8F /* Release */ = {
			isa = XCBuildConfiguration;
			buildSettings = {
				ALWAYS_SEARCH_USER_PATHS = NO;
				CLANG_ANALYZER_LOCALIZABILITY_NONLOCALIZED = YES;
				CLANG_ANALYZER_NONNULL = YES;
				CLANG_ANALYZER_NUMBER_OBJECT_CONVERSION = YES_AGGRESSIVE;
				CLANG_CXX_LANGUAGE_STANDARD = "gnu++17";
				CLANG_CXX_LIBRARY = "libc++";
				CLANG_ENABLE_MODULES = YES;
				CLANG_ENABLE_OBJC_ARC = YES;
				CLANG_ENABLE_OBJC_WEAK = YES;
				CLANG_WARN_BLOCK_CAPTURE_AUTORELEASING = YES;
				CLANG_WARN_BOOL_CONVERSION = YES;
				CLANG_WARN_COMMA = YES;
				CLANG_WARN_CONSTANT_CONVERSION = YES;
				CLANG_WARN_DEPRECATED_OBJC_IMPLEMENTATIONS = YES;
				CLANG_WARN_DIRECT_OBJC_ISA_USAGE = YES_ERROR;
				CLANG_WARN_DOCUMENTATION_COMMENTS = YES;
				CLANG_WARN_EMPTY_BODY = YES;
				CLANG_WARN_ENUM_CONVERSION = YES;
				CLANG_WARN_INFINITE_RECURSION = YES;
				CLANG_WARN_INT_CONVERSION = YES;
				CLANG_WARN_NON_LITERAL_NULL_CONVERSION = YES;
				CLANG_WARN_OBJC_IMPLICIT_RETAIN_SELF = YES;
				CLANG_WARN_OBJC_LITERAL_CONVERSION = YES;
				CLANG_WARN_OBJC_ROOT_CLASS = YES_ERROR;
				CLANG_WARN_QUOTED_INCLUDE_IN_FRAMEWORK_HEADER = YES;
				CLANG_WARN_RANGE_LOOP_ANALYSIS = YES;
				CLANG_WARN_STRICT_PROTOTYPES = YES;
				CLANG_WARN_SUSPICIOUS_MOVE = YES;
				CLANG_WARN_UNGUARDED_AVAILABILITY = YES_AGGRESSIVE;
				CLANG_WARN_UNREACHABLE_CODE = YES;
				CLANG_WARN__DUPLICATE_METHOD_MATCH = YES;
				COPY_PHASE_STRIP = NO;
				DEBUG_INFORMATION_FORMAT = "dwarf-with-dsym";
				ENABLE_NS_ASSERTIONS = NO;
				ENABLE_STRICT_OBJC_MSGSEND = YES;
				GCC_C_LANGUAGE_STANDARD = gnu11;
				GCC_NO_COMMON_BLOCKS = YES;
				GCC_WARN_64_TO_32_BIT_CONVERSION = YES;
				GCC_WARN_ABOUT_RETURN_TYPE = YES_ERROR;
				GCC_WARN_UNDECLARED_SELECTOR = YES;
				GCC_WARN_UNINITIALIZED_AUTOS = YES_AGGRESSIVE;
				GCC_WARN_UNUSED_FUNCTION = YES;
				GCC_WARN_UNUSED_VARIABLE = YES;
				IPHONEOS_DEPLOYMENT_TARGET = 15.0;
				MTL_ENABLE_DEBUG_INFO = NO;
				MTL_FAST_MATH = YES;
				SDKROOT = iphoneos;
				SWIFT_COMPILATION_MODE = wholemodule;
				SWIFT_OPTIMIZATION_LEVEL = "-O";
				VALIDATE_PRODUCT = YES;
			};
			name = Release;
		};
		3659324D2757846300E08E8F /* Debug */ = {
			isa = XCBuildConfiguration;
			baseConfigurationReference = EC3E9810ABE4E785BE4CD475 /* Pods-AppleAppStore.debug.xcconfig */;
			buildSettings = {
				ASSETCATALOG_COMPILER_APPICON_NAME = AppIcon;
				ASSETCATALOG_COMPILER_GLOBAL_ACCENT_COLOR_NAME = AccentColor;
				CODE_SIGN_STYLE = Automatic;
				CURRENT_PROJECT_VERSION = 1;
				DEVELOPMENT_TEAM = "";
				GENERATE_INFOPLIST_FILE = YES;
				INFOPLIST_FILE = AppleAppStore/Info.plist;
				INFOPLIST_KEY_UIApplicationSupportsIndirectInputEvents = YES;
				INFOPLIST_KEY_UILaunchStoryboardName = LaunchScreen;
				INFOPLIST_KEY_UISupportedInterfaceOrientations_iPad = "UIInterfaceOrientationPortrait UIInterfaceOrientationPortraitUpsideDown UIInterfaceOrientationLandscapeLeft UIInterfaceOrientationLandscapeRight";
				INFOPLIST_KEY_UISupportedInterfaceOrientations_iPhone = "UIInterfaceOrientationPortrait UIInterfaceOrientationLandscapeLeft UIInterfaceOrientationLandscapeRight";
				LD_RUNPATH_SEARCH_PATHS = (
					"$(inherited)",
					"@executable_path/Frameworks",
				);
				MARKETING_VERSION = 1.0;
				PRODUCT_BUNDLE_IDENTIFIER = skillist.AppleAppStore;
				PRODUCT_NAME = "$(TARGET_NAME)";
				SWIFT_EMIT_LOC_STRINGS = YES;
				SWIFT_VERSION = 5.0;
				TARGETED_DEVICE_FAMILY = 1;
			};
			name = Debug;
		};
		3659324E2757846300E08E8F /* Release */ = {
			isa = XCBuildConfiguration;
			baseConfigurationReference = D4847ABC8AE2C45D887AB69A /* Pods-AppleAppStore.release.xcconfig */;
			buildSettings = {
				ASSETCATALOG_COMPILER_APPICON_NAME = AppIcon;
				ASSETCATALOG_COMPILER_GLOBAL_ACCENT_COLOR_NAME = AccentColor;
				CODE_SIGN_STYLE = Automatic;
				CURRENT_PROJECT_VERSION = 1;
				DEVELOPMENT_TEAM = "";
				GENERATE_INFOPLIST_FILE = YES;
				INFOPLIST_FILE = AppleAppStore/Info.plist;
				INFOPLIST_KEY_UIApplicationSupportsIndirectInputEvents = YES;
				INFOPLIST_KEY_UILaunchStoryboardName = LaunchScreen;
				INFOPLIST_KEY_UISupportedInterfaceOrientations_iPad = "UIInterfaceOrientationPortrait UIInterfaceOrientationPortraitUpsideDown UIInterfaceOrientationLandscapeLeft UIInterfaceOrientationLandscapeRight";
				INFOPLIST_KEY_UISupportedInterfaceOrientations_iPhone = "UIInterfaceOrientationPortrait UIInterfaceOrientationLandscapeLeft UIInterfaceOrientationLandscapeRight";
				LD_RUNPATH_SEARCH_PATHS = (
					"$(inherited)",
					"@executable_path/Frameworks",
				);
				MARKETING_VERSION = 1.0;
				PRODUCT_BUNDLE_IDENTIFIER = skillist.AppleAppStore;
				PRODUCT_NAME = "$(TARGET_NAME)";
				SWIFT_EMIT_LOC_STRINGS = YES;
				SWIFT_VERSION = 5.0;
				TARGETED_DEVICE_FAMILY = 1;
			};
			name = Release;
		};
/* End XCBuildConfiguration section */

/* Begin XCConfigurationList section */
		365932332757845F00E08E8F /* Build configuration list for PBXProject "AppleAppStore" */ = {
			isa = XCConfigurationList;
			buildConfigurations = (
				3659324A2757846300E08E8F /* Debug */,
				3659324B2757846300E08E8F /* Release */,
			);
			defaultConfigurationIsVisible = 0;
			defaultConfigurationName = Release;
		};
		3659324C2757846300E08E8F /* Build configuration list for PBXNativeTarget "AppleAppStore" */ = {
			isa = XCConfigurationList;
			buildConfigurations = (
				3659324D2757846300E08E8F /* Debug */,
				3659324E2757846300E08E8F /* Release */,
			);
			defaultConfigurationIsVisible = 0;
			defaultConfigurationName = Release;
		};
/* End XCConfigurationList section */
	};
	rootObject = 365932302757845F00E08E8F /* Project object */;
}
